
Microsoft Visual Studio Solution File, Format Version 12.00
# Visual Studio 2012
Project("{F2A71F9B-5D33-465A-A702-920D77279786}") = "IntelliFactory.WebSharper.D3", "IntelliFactory.WebSharper.D3\IntelliFactory.WebSharper.D3.fsproj", "{6FC4DB6A-79D0-4715-97AC-ABB2CC58012B}"
EndProject
Project("{F2A71F9B-5D33-465A-A702-920D77279786}") = "IntelliFactory.WebSharper.D3.Tests", "IntelliFactory.WebSharper.D3.Tests\IntelliFactory.WebSharper.D3.Tests.fsproj", "{54BB594A-FDFE-4D11-9CE9-B58FBE769AAF}"
EndProject
Project("{2150E333-8FDC-42A3-9474-1A3956D46DE8}") = "Solution Items", "Solution Items", "{22726ABE-9379-46B6-8BA4-44594C8F7B13}"
	ProjectSection(SolutionItems) = preProject
		build.fsx = build.fsx
		ivy.xml = ivy.xml
		LICENSE.md = LICENSE.md
		README.md = README.md
	EndProjectSection
EndProject
Project("{FAE04EC0-301F-11D3-BF4B-00C04F79EFBC}") = "Web", "Web\Web.csproj", "{5F0C9660-4263-4612-8B3D-ACF7C5D7128A}"
EndProject
Global
	GlobalSection(SolutionConfigurationPlatforms) = preSolution
		Debug|Any CPU = Debug|Any CPU
		Release|Any CPU = Release|Any CPU
	EndGlobalSection
	GlobalSection(ProjectConfigurationPlatforms) = postSolution
		{6FC4DB6A-79D0-4715-97AC-ABB2CC58012B}.Debug|Any CPU.ActiveCfg = Debug|Any CPU
		{6FC4DB6A-79D0-4715-97AC-ABB2CC58012B}.Debug|Any CPU.Build.0 = Debug|Any CPU
		{6FC4DB6A-79D0-4715-97AC-ABB2CC58012B}.Release|Any CPU.ActiveCfg = Debug|Any CPU
		{6FC4DB6A-79D0-4715-97AC-ABB2CC58012B}.Release|Any CPU.Build.0 = Debug|Any CPU
		{54BB594A-FDFE-4D11-9CE9-B58FBE769AAF}.Debug|Any CPU.ActiveCfg = Debug|Any CPU
		{54BB594A-FDFE-4D11-9CE9-B58FBE769AAF}.Debug|Any CPU.Build.0 = Debug|Any CPU
		{54BB594A-FDFE-4D11-9CE9-B58FBE769AAF}.Release|Any CPU.ActiveCfg = Debug|Any CPU
		{54BB594A-FDFE-4D11-9CE9-B58FBE769AAF}.Release|Any CPU.Build.0 = Debug|Any CPU
		{5F0C9660-4263-4612-8B3D-ACF7C5D7128A}.Debug|Any CPU.ActiveCfg = Release|Any CPU
		{5F0C9660-4263-4612-8B3D-ACF7C5D7128A}.Debug|Any CPU.Build.0 = Release|Any CPU
		{5F0C9660-4263-4612-8B3D-ACF7C5D7128A}.Release|Any CPU.ActiveCfg = Release|Any CPU
		{5F0C9660-4263-4612-8B3D-ACF7C5D7128A}.Release|Any CPU.Build.0 = Release|Any CPU
	EndGlobalSection
	GlobalSection(SolutionProperties) = preSolution
		HideSolutionNode = FALSE
	EndGlobalSection
EndGlobal
